{
  "originHash" : "33f6f8df818bc61762f1a685e9fbe1be7e3c2d2a9e1f2882989904c94a4426d5",
  "pins" : [
    {
      "identity" : "agorainfra_ios",
      "kind" : "remoteSourceControl",
      "location" : "https://github.com/AgoraIO/AgoraInfra_iOS.git",
      "state" : {
        "revision" : "c2781d81a1ac78b94fefd53171975acb426b6ac5",
        "version" : "1.2.13"
      }
    },
    {
      "identity" : "agorartcengine_ios",
      "kind" : "remoteSourceControl",
      "location" : "https://github.com/AgoraIO/AgoraRtcEngine_iOS",
      "state" : {
        "revision" : "515a9f30c228665cd6cdadc46ae62c04de6ba5c2",
        "version" : "4.5.2"
      }
    },
    {
      "identity" : "ibanimatable",
      "kind" : "remoteSourceControl",
      "location" : "https://github.com/IBAnimatable/IBAnimatable.git",
      "state" : {
        "revision" : "e4f5d93c626839abb11cf1441397e93feb584e93",
        "version" : "6.1.0"
      }
    }
  ],
  "version" : 3
}
